// !$*UTF8*$!
{
	archiveVersion = 1;
	classes = {
	};
	objectVersion = 55;
	objects = {

/* Begin PBXBuildFile section */
		944AFDEB284D49230001739C /* VenueViewController.swift in Sources */ = {isa = PBXBuildFile; fileRef = 944AFDEA284D49230001739C /* VenueViewController.swift */; };
		944AFDED284D49C20001739C /* AboutUsViewController.swift in Sources */ = {isa = PBXBuildFile; fileRef = 944AFDEC284D49C10001739C /* AboutUsViewController.swift */; };
		944AFDEF284D4A330001739C /* VenueRootViewController.swift in Sources */ = {isa = PBXBuildFile; fileRef = 944AFDEE284D4A330001739C /* VenueRootViewController.swift */; };
		944AFDF1284D4AA10001739C /* RootVenueLayout.swift in Sources */ = {isa = PBXBuildFile; fileRef = 944AFDF0284D4AA10001739C /* RootVenueLayout.swift */; };
		944AFDF4284D4BB60001739C /* UIView+Extension.swift in Sources */ = {isa = PBXBuildFile; fileRef = 944AFDF3284D4BB60001739C /* UIView+Extension.swift */; };
		944AFDF6284D4C040001739C /* BaseSegmentControl.swift in Sources */ = {isa = PBXBuildFile; fileRef = 944AFDF5284D4C040001739C /* BaseSegmentControl.swift */; };
		944AFDF8284D4CDC0001739C /* UIViewController+Extension.swift in Sources */ = {isa = PBXBuildFile; fileRef = 944AFDF7284D4CDC0001739C /* UIViewController+Extension.swift */; };
		944AFDFA284D4F040001739C /* VenueFeed.framework in Frameworks */ = {isa = PBXBuildFile; fileRef = 949F32E32848B2140088BA8E /* VenueFeed.framework */; platformFilter = ios; };
		944AFE0A284DEB5B0001739C /* VenueEndpoint.swift in Sources */ = {isa = PBXBuildFile; fileRef = 944AFE09284DEB5B0001739C /* VenueEndpoint.swift */; };
		944AFE0C284DEBED0001739C /* UserLocation.swift in Sources */ = {isa = PBXBuildFile; fileRef = 944AFE0B284DEBED0001739C /* UserLocation.swift */; };
		944AFE0E284DED0D0001739C /* VenueEndpointTests.swift in Sources */ = {isa = PBXBuildFile; fileRef = 944AFE0D284DED0D0001739C /* VenueEndpointTests.swift */; };
		944AFE14284E09770001739C /* VenueFeedViewModel.swift in Sources */ = {isa = PBXBuildFile; fileRef = 944AFE13284E09770001739C /* VenueFeedViewModel.swift */; };
		944AFE16284E37830001739C /* VenueLayout.swift in Sources */ = {isa = PBXBuildFile; fileRef = 944AFE15284E37830001739C /* VenueLayout.swift */; };
		944AFE18284E4ECA0001739C /* VenueLoaderAdapter.swift in Sources */ = {isa = PBXBuildFile; fileRef = 944AFE17284E4ECA0001739C /* VenueLoaderAdapter.swift */; };
		949F33082848B6DF0088BA8E /* VenueFeed.framework in Frameworks */ = {isa = PBXBuildFile; fileRef = 949F32E32848B2140088BA8E /* VenueFeed.framework */; };
		949F330F2848B7370088BA8E /* RemoteVenueLoaderTest.swift in Sources */ = {isa = PBXBuildFile; fileRef = 949F330E2848B7370088BA8E /* RemoteVenueLoaderTest.swift */; };
		949F331F28494EFB0088BA8E /* Venue.swift in Sources */ = {isa = PBXBuildFile; fileRef = 949F331D28494EFB0088BA8E /* Venue.swift */; };
		949F332028494EFB0088BA8E /* VenueLoader.swift in Sources */ = {isa = PBXBuildFile; fileRef = 949F331E28494EFB0088BA8E /* VenueLoader.swift */; };
		949F332528494F370088BA8E /* VenueItemsMapper.swift in Sources */ = {isa = PBXBuildFile; fileRef = 949F332228494F370088BA8E /* VenueItemsMapper.swift */; };
		949F332628494F370088BA8E /* HTTPClient.swift in Sources */ = {isa = PBXBuildFile; fileRef = 949F332328494F370088BA8E /* HTTPClient.swift */; };
		949F332728494F370088BA8E /* RemoteVenueLoader.swift in Sources */ = {isa = PBXBuildFile; fileRef = 949F332428494F370088BA8E /* RemoteVenueLoader.swift */; };
		949F3329284A0B810088BA8E /* URLSessionHTTPClientTest.swift in Sources */ = {isa = PBXBuildFile; fileRef = 949F3328284A0B810088BA8E /* URLSessionHTTPClientTest.swift */; };
		94BB80AD284A540E000DDFB7 /* URLSessionHTTPClient.swift in Sources */ = {isa = PBXBuildFile; fileRef = 94BB80AC284A540E000DDFB7 /* URLSessionHTTPClient.swift */; };
		94BB80BB284D2BC3000DDFB7 /* VenueFeediOS.framework in Frameworks */ = {isa = PBXBuildFile; fileRef = 94BB80B3284D2BC3000DDFB7 /* VenueFeediOS.framework */; };
/* End PBXBuildFile section */

/* Begin PBXContainerItemProxy section */
		944AFDFC284D4F040001739C /* PBXContainerItemProxy */ = {
			isa = PBXContainerItemProxy;
			containerPortal = 949F32DA2848B2140088BA8E /* Project object */;
			proxyType = 1;
			remoteGlobalIDString = 949F32E22848B2140088BA8E;
			remoteInfo = VenueFeed;
		};
		949F33092848B6DF0088BA8E /* PBXContainerItemProxy */ = {
			isa = PBXContainerItemProxy;
			containerPortal = 949F32DA2848B2140088BA8E /* Project object */;
			proxyType = 1;
			remoteGlobalIDString = 949F32E22848B2140088BA8E;
			remoteInfo = VenueFeed;
		};
		94BB80BC284D2BC3000DDFB7 /* PBXContainerItemProxy */ = {
			isa = PBXContainerItemProxy;
			containerPortal = 949F32DA2848B2140088BA8E /* Project object */;
			proxyType = 1;
			remoteGlobalIDString = 94BB80B2284D2BC3000DDFB7;
			remoteInfo = VenueFeediOS;
		};
/* End PBXContainerItemProxy section */

/* Begin PBXFileReference section */
		944AFDEA284D49230001739C /* VenueViewController.swift */ = {isa = PBXFileReference; lastKnownFileType = sourcecode.swift; path = VenueViewController.swift; sourceTree = "<group>"; };
		944AFDEC284D49C10001739C /* AboutUsViewController.swift */ = {isa = PBXFileReference; lastKnownFileType = sourcecode.swift; path = AboutUsViewController.swift; sourceTree = "<group>"; };
		944AFDEE284D4A330001739C /* VenueRootViewController.swift */ = {isa = PBXFileReference; lastKnownFileType = sourcecode.swift; path = VenueRootViewController.swift; sourceTree = "<group>"; };
		944AFDF0284D4AA10001739C /* RootVenueLayout.swift */ = {isa = PBXFileReference; lastKnownFileType = sourcecode.swift; path = RootVenueLayout.swift; sourceTree = "<group>"; };
		944AFDF3284D4BB60001739C /* UIView+Extension.swift */ = {isa = PBXFileReference; lastKnownFileType = sourcecode.swift; path = "UIView+Extension.swift"; sourceTree = "<group>"; };
		944AFDF5284D4C040001739C /* BaseSegmentControl.swift */ = {isa = PBXFileReference; lastKnownFileType = sourcecode.swift; path = BaseSegmentControl.swift; sourceTree = "<group>"; };
		944AFDF7284D4CDC0001739C /* UIViewController+Extension.swift */ = {isa = PBXFileReference; lastKnownFileType = sourcecode.swift; path = "UIViewController+Extension.swift"; sourceTree = "<group>"; };
		944AFE09284DEB5B0001739C /* VenueEndpoint.swift */ = {isa = PBXFileReference; lastKnownFileType = sourcecode.swift; path = VenueEndpoint.swift; sourceTree = "<group>"; };
		944AFE0B284DEBED0001739C /* UserLocation.swift */ = {isa = PBXFileReference; lastKnownFileType = sourcecode.swift; path = UserLocation.swift; sourceTree = "<group>"; };
		944AFE0D284DED0D0001739C /* VenueEndpointTests.swift */ = {isa = PBXFileReference; lastKnownFileType = sourcecode.swift; path = VenueEndpointTests.swift; sourceTree = "<group>"; };
		944AFE13284E09770001739C /* VenueFeedViewModel.swift */ = {isa = PBXFileReference; lastKnownFileType = sourcecode.swift; path = VenueFeedViewModel.swift; sourceTree = "<group>"; };
		944AFE15284E37830001739C /* VenueLayout.swift */ = {isa = PBXFileReference; lastKnownFileType = sourcecode.swift; path = VenueLayout.swift; sourceTree = "<group>"; };
		944AFE17284E4ECA0001739C /* VenueLoaderAdapter.swift */ = {isa = PBXFileReference; lastKnownFileType = sourcecode.swift; path = VenueLoaderAdapter.swift; sourceTree = "<group>"; };
		949F32E32848B2140088BA8E /* VenueFeed.framework */ = {isa = PBXFileReference; explicitFileType = wrapper.framework; includeInIndex = 0; path = VenueFeed.framework; sourceTree = BUILT_PRODUCTS_DIR; };
		949F33042848B6DF0088BA8E /* VenueFeedTests.xctest */ = {isa = PBXFileReference; explicitFileType = wrapper.cfbundle; includeInIndex = 0; path = VenueFeedTests.xctest; sourceTree = BUILT_PRODUCTS_DIR; };
		949F330E2848B7370088BA8E /* RemoteVenueLoaderTest.swift */ = {isa = PBXFileReference; lastKnownFileType = sourcecode.swift; path = RemoteVenueLoaderTest.swift; sourceTree = "<group>"; };
		949F331D28494EFB0088BA8E /* Venue.swift */ = {isa = PBXFileReference; fileEncoding = 4; lastKnownFileType = sourcecode.swift; path = Venue.swift; sourceTree = "<group>"; };
		949F331E28494EFB0088BA8E /* VenueLoader.swift */ = {isa = PBXFileReference; fileEncoding = 4; lastKnownFileType = sourcecode.swift; path = VenueLoader.swift; sourceTree = "<group>"; };
		949F332228494F370088BA8E /* VenueItemsMapper.swift */ = {isa = PBXFileReference; fileEncoding = 4; lastKnownFileType = sourcecode.swift; path = VenueItemsMapper.swift; sourceTree = "<group>"; };
		949F332328494F370088BA8E /* HTTPClient.swift */ = {isa = PBXFileReference; fileEncoding = 4; lastKnownFileType = sourcecode.swift; path = HTTPClient.swift; sourceTree = "<group>"; };
		949F332428494F370088BA8E /* RemoteVenueLoader.swift */ = {isa = PBXFileReference; fileEncoding = 4; lastKnownFileType = sourcecode.swift; path = RemoteVenueLoader.swift; sourceTree = "<group>"; };
		949F3328284A0B810088BA8E /* URLSessionHTTPClientTest.swift */ = {isa = PBXFileReference; lastKnownFileType = sourcecode.swift; path = URLSessionHTTPClientTest.swift; sourceTree = "<group>"; };
		94BB80AC284A540E000DDFB7 /* URLSessionHTTPClient.swift */ = {isa = PBXFileReference; lastKnownFileType = sourcecode.swift; path = URLSessionHTTPClient.swift; sourceTree = "<group>"; };
		94BB80B3284D2BC3000DDFB7 /* VenueFeediOS.framework */ = {isa = PBXFileReference; explicitFileType = wrapper.framework; includeInIndex = 0; path = VenueFeediOS.framework; sourceTree = BUILT_PRODUCTS_DIR; };
		94BB80BA284D2BC3000DDFB7 /* VenueFeediOSTests.xctest */ = {isa = PBXFileReference; explicitFileType = wrapper.cfbundle; includeInIndex = 0; path = VenueFeediOSTests.xctest; sourceTree = BUILT_PRODUCTS_DIR; };
/* End PBXFileReference section */

/* Begin PBXFrameworksBuildPhase section */
		949F32E02848B2140088BA8E /* Frameworks */ = {
			isa = PBXFrameworksBuildPhase;
			buildActionMask = 2147483647;
			files = (
			);
			runOnlyForDeploymentPostprocessing = 0;
		};
		949F33012848B6DF0088BA8E /* Frameworks */ = {
			isa = PBXFrameworksBuildPhase;
			buildActionMask = 2147483647;
			files = (
				949F33082848B6DF0088BA8E /* VenueFeed.framework in Frameworks */,
			);
			runOnlyForDeploymentPostprocessing = 0;
		};
		94BB80B0284D2BC3000DDFB7 /* Frameworks */ = {
			isa = PBXFrameworksBuildPhase;
			buildActionMask = 2147483647;
			files = (
				944AFDFA284D4F040001739C /* VenueFeed.framework in Frameworks */,
			);
			runOnlyForDeploymentPostprocessing = 0;
		};
		94BB80B7284D2BC3000DDFB7 /* Frameworks */ = {
			isa = PBXFrameworksBuildPhase;
			buildActionMask = 2147483647;
			files = (
				94BB80BB284D2BC3000DDFB7 /* VenueFeediOS.framework in Frameworks */,
			);
			runOnlyForDeploymentPostprocessing = 0;
		};
/* End PBXFrameworksBuildPhase section */

/* Begin PBXGroup section */
		944AFDF2284D4B920001739C /* Helper */ = {
			isa = PBXGroup;
			children = (
				944AFDF3284D4BB60001739C /* UIView+Extension.swift */,
				944AFDF5284D4C040001739C /* BaseSegmentControl.swift */,
				944AFDF7284D4CDC0001739C /* UIViewController+Extension.swift */,
			);
			path = Helper;
			sourceTree = "<group>";
		};
		944AFDF9284D4F040001739C /* Frameworks */ = {
			isa = PBXGroup;
			children = (
			);
			name = Frameworks;
			sourceTree = "<group>";
		};
		944AFE12284E09610001739C /* Venue Presentation */ = {
			isa = PBXGroup;
			children = (
				944AFE13284E09770001739C /* VenueFeedViewModel.swift */,
			);
			path = "Venue Presentation";
			sourceTree = "<group>";
		};
		949F32D92848B2140088BA8E = {
			isa = PBXGroup;
			children = (
				949F32E52848B2140088BA8E /* VenueFeed */,
				949F33052848B6DF0088BA8E /* VenueFeedTests */,
				94BB80B4284D2BC3000DDFB7 /* VenueFeediOS */,
				94BB80BE284D2BC3000DDFB7 /* VenueFeediOSTests */,
				949F32E42848B2140088BA8E /* Products */,
				944AFDF9284D4F040001739C /* Frameworks */,
			);
			sourceTree = "<group>";
		};
		949F32E42848B2140088BA8E /* Products */ = {
			isa = PBXGroup;
			children = (
				949F32E32848B2140088BA8E /* VenueFeed.framework */,
				949F33042848B6DF0088BA8E /* VenueFeedTests.xctest */,
				94BB80B3284D2BC3000DDFB7 /* VenueFeediOS.framework */,
				94BB80BA284D2BC3000DDFB7 /* VenueFeediOSTests.xctest */,
			);
			name = Products;
			sourceTree = "<group>";
		};
		949F32E52848B2140088BA8E /* VenueFeed */ = {
			isa = PBXGroup;
			children = (
				944AFE12284E09610001739C /* Venue Presentation */,
				949F332128494F1C0088BA8E /* Venue API */,
				949F32FF2848B4740088BA8E /* Venue Feature */,
			);
			path = VenueFeed;
			sourceTree = "<group>";
		};
		949F32FF2848B4740088BA8E /* Venue Feature */ = {
			isa = PBXGroup;
			children = (
				949F331D28494EFB0088BA8E /* Venue.swift */,
				944AFE0B284DEBED0001739C /* UserLocation.swift */,
				949F331E28494EFB0088BA8E /* VenueLoader.swift */,
				944AFE17284E4ECA0001739C /* VenueLoaderAdapter.swift */,
			);
			path = "Venue Feature";
			sourceTree = "<group>";
		};
		949F33052848B6DF0088BA8E /* VenueFeedTests */ = {
			isa = PBXGroup;
			children = (
				944AFE0D284DED0D0001739C /* VenueEndpointTests.swift */,
				949F330E2848B7370088BA8E /* RemoteVenueLoaderTest.swift */,
				949F3328284A0B810088BA8E /* URLSessionHTTPClientTest.swift */,
			);
			path = VenueFeedTests;
			sourceTree = "<group>";
		};
		949F332128494F1C0088BA8E /* Venue API */ = {
			isa = PBXGroup;
			children = (
				949F332328494F370088BA8E /* HTTPClient.swift */,
				944AFE09284DEB5B0001739C /* VenueEndpoint.swift */,
				949F332228494F370088BA8E /* VenueItemsMapper.swift */,
				949F332428494F370088BA8E /* RemoteVenueLoader.swift */,
				94BB80AC284A540E000DDFB7 /* URLSessionHTTPClient.swift */,
			);
			path = "Venue API";
			sourceTree = "<group>";
		};
		94BB80B4284D2BC3000DDFB7 /* VenueFeediOS */ = {
			isa = PBXGroup;
			children = (
				944AFDF2284D4B920001739C /* Helper */,
				944AFE15284E37830001739C /* VenueLayout.swift */,
				944AFDF0284D4AA10001739C /* RootVenueLayout.swift */,
				944AFDEA284D49230001739C /* VenueViewController.swift */,
				944AFDEC284D49C10001739C /* AboutUsViewController.swift */,
				944AFDEE284D4A330001739C /* VenueRootViewController.swift */,
			);
			path = VenueFeediOS;
			sourceTree = "<group>";
		};
		94BB80BE284D2BC3000DDFB7 /* VenueFeediOSTests */ = {
			isa = PBXGroup;
			children = (
			);
			path = VenueFeediOSTests;
			sourceTree = "<group>";
		};
/* End PBXGroup section */

/* Begin PBXHeadersBuildPhase section */
		949F32DE2848B2140088BA8E /* Headers */ = {
			isa = PBXHeadersBuildPhase;
			buildActionMask = 2147483647;
			files = (
			);
			runOnlyForDeploymentPostprocessing = 0;
		};
		94BB80AE284D2BC3000DDFB7 /* Headers */ = {
			isa = PBXHeadersBuildPhase;
			buildActionMask = 2147483647;
			files = (
			);
			runOnlyForDeploymentPostprocessing = 0;
		};
/* End PBXHeadersBuildPhase section */

/* Begin PBXNativeTarget section */
		949F32E22848B2140088BA8E /* VenueFeed */ = {
			isa = PBXNativeTarget;
			buildConfigurationList = 949F32F52848B2140088BA8E /* Build configuration list for PBXNativeTarget "VenueFeed" */;
			buildPhases = (
				949F32DE2848B2140088BA8E /* Headers */,
				949F32DF2848B2140088BA8E /* Sources */,
				949F32E02848B2140088BA8E /* Frameworks */,
				949F32E12848B2140088BA8E /* Resources */,
			);
			buildRules = (
			);
			dependencies = (
			);
			name = VenueFeed;
			productName = VenueFeed;
			productReference = 949F32E32848B2140088BA8E /* VenueFeed.framework */;
			productType = "com.apple.product-type.framework";
		};
		949F33032848B6DF0088BA8E /* VenueFeedTests */ = {
			isa = PBXNativeTarget;
			buildConfigurationList = 949F330B2848B6DF0088BA8E /* Build configuration list for PBXNativeTarget "VenueFeedTests" */;
			buildPhases = (
				949F33002848B6DF0088BA8E /* Sources */,
				949F33012848B6DF0088BA8E /* Frameworks */,
				949F33022848B6DF0088BA8E /* Resources */,
			);
			buildRules = (
			);
			dependencies = (
				949F330A2848B6DF0088BA8E /* PBXTargetDependency */,
			);
			name = VenueFeedTests;
			productName = VenueFeedTests;
			productReference = 949F33042848B6DF0088BA8E /* VenueFeedTests.xctest */;
			productType = "com.apple.product-type.bundle.unit-test";
		};
		94BB80B2284D2BC3000DDFB7 /* VenueFeediOS */ = {
			isa = PBXNativeTarget;
			buildConfigurationList = 94BB80C2284D2BC3000DDFB7 /* Build configuration list for PBXNativeTarget "VenueFeediOS" */;
			buildPhases = (
				94BB80AE284D2BC3000DDFB7 /* Headers */,
				94BB80AF284D2BC3000DDFB7 /* Sources */,
				94BB80B0284D2BC3000DDFB7 /* Frameworks */,
				94BB80B1284D2BC3000DDFB7 /* Resources */,
			);
			buildRules = (
			);
			dependencies = (
				944AFDFD284D4F040001739C /* PBXTargetDependency */,
			);
			name = VenueFeediOS;
			productName = VenueFeediOS;
			productReference = 94BB80B3284D2BC3000DDFB7 /* VenueFeediOS.framework */;
			productType = "com.apple.product-type.framework";
		};
		94BB80B9284D2BC3000DDFB7 /* VenueFeediOSTests */ = {
			isa = PBXNativeTarget;
			buildConfigurationList = 94BB80C5284D2BC3000DDFB7 /* Build configuration list for PBXNativeTarget "VenueFeediOSTests" */;
			buildPhases = (
				94BB80B6284D2BC3000DDFB7 /* Sources */,
				94BB80B7284D2BC3000DDFB7 /* Frameworks */,
				94BB80B8284D2BC3000DDFB7 /* Resources */,
			);
			buildRules = (
			);
			dependencies = (
				94BB80BD284D2BC3000DDFB7 /* PBXTargetDependency */,
			);
			name = VenueFeediOSTests;
			productName = VenueFeediOSTests;
			productReference = 94BB80BA284D2BC3000DDFB7 /* VenueFeediOSTests.xctest */;
			productType = "com.apple.product-type.bundle.unit-test";
		};
/* End PBXNativeTarget section */

/* Begin PBXProject section */
		949F32DA2848B2140088BA8E /* Project object */ = {
			isa = PBXProject;
			attributes = {
				BuildIndependentTargetsInParallel = 1;
				LastSwiftUpdateCheck = 1330;
				LastUpgradeCheck = 1330;
				TargetAttributes = {
					949F32E22848B2140088BA8E = {
						CreatedOnToolsVersion = 13.3;
						LastSwiftMigration = 1330;
					};
					949F33032848B6DF0088BA8E = {
						CreatedOnToolsVersion = 13.3;
						LastSwiftMigration = 1330;
					};
					94BB80B2284D2BC3000DDFB7 = {
						CreatedOnToolsVersion = 13.3;
						LastSwiftMigration = 1330;
					};
					94BB80B9284D2BC3000DDFB7 = {
						CreatedOnToolsVersion = 13.3;
					};
				};
			};
			buildConfigurationList = 949F32DD2848B2140088BA8E /* Build configuration list for PBXProject "VenueFeed" */;
			compatibilityVersion = "Xcode 13.0";
			developmentRegion = en;
			hasScannedForEncodings = 0;
			knownRegions = (
				en,
				Base,
			);
			mainGroup = 949F32D92848B2140088BA8E;
			productRefGroup = 949F32E42848B2140088BA8E /* Products */;
			projectDirPath = "";
			projectRoot = "";
			targets = (
				949F32E22848B2140088BA8E /* VenueFeed */,
				949F33032848B6DF0088BA8E /* VenueFeedTests */,
				94BB80B2284D2BC3000DDFB7 /* VenueFeediOS */,
				94BB80B9284D2BC3000DDFB7 /* VenueFeediOSTests */,
			);
		};
/* End PBXProject section */

/* Begin PBXResourcesBuildPhase section */
		949F32E12848B2140088BA8E /* Resources */ = {
			isa = PBXResourcesBuildPhase;
			buildActionMask = 2147483647;
			files = (
			);
			runOnlyForDeploymentPostprocessing = 0;
		};
		949F33022848B6DF0088BA8E /* Resources */ = {
			isa = PBXResourcesBuildPhase;
			buildActionMask = 2147483647;
			files = (
			);
			runOnlyForDeploymentPostprocessing = 0;
		};
		94BB80B1284D2BC3000DDFB7 /* Resources */ = {
			isa = PBXResourcesBuildPhase;
			buildActionMask = 2147483647;
			files = (
			);
			runOnlyForDeploymentPostprocessing = 0;
		};
		94BB80B8284D2BC3000DDFB7 /* Resources */ = {
			isa = PBXResourcesBuildPhase;
			buildActionMask = 2147483647;
			files = (
			);
			runOnlyForDeploymentPostprocessing = 0;
		};
/* End PBXResourcesBuildPhase section */

/* Begin PBXSourcesBuildPhase section */
		949F32DF2848B2140088BA8E /* Sources */ = {
			isa = PBXSourcesBuildPhase;
			buildActionMask = 2147483647;
			files = (
				949F331F28494EFB0088BA8E /* Venue.swift in Sources */,
				949F332028494EFB0088BA8E /* VenueLoader.swift in Sources */,
				949F332628494F370088BA8E /* HTTPClient.swift in Sources */,
				949F332528494F370088BA8E /* VenueItemsMapper.swift in Sources */,
				944AFE18284E4ECA0001739C /* VenueLoaderAdapter.swift in Sources */,
				944AFE0A284DEB5B0001739C /* VenueEndpoint.swift in Sources */,
				944AFE0C284DEBED0001739C /* UserLocation.swift in Sources */,
				949F332728494F370088BA8E /* RemoteVenueLoader.swift in Sources */,
				94BB80AD284A540E000DDFB7 /* URLSessionHTTPClient.swift in Sources */,
				944AFE14284E09770001739C /* VenueFeedViewModel.swift in Sources */,
			);
			runOnlyForDeploymentPostprocessing = 0;
		};
		949F33002848B6DF0088BA8E /* Sources */ = {
			isa = PBXSourcesBuildPhase;
			buildActionMask = 2147483647;
			files = (
				949F330F2848B7370088BA8E /* RemoteVenueLoaderTest.swift in Sources */,
				949F3329284A0B810088BA8E /* URLSessionHTTPClientTest.swift in Sources */,
				944AFE0E284DED0D0001739C /* VenueEndpointTests.swift in Sources */,
			);
			runOnlyForDeploymentPostprocessing = 0;
		};
		94BB80AF284D2BC3000DDFB7 /* Sources */ = {
			isa = PBXSourcesBuildPhase;
			buildActionMask = 2147483647;
			files = (
				944AFDF8284D4CDC0001739C /* UIViewController+Extension.swift in Sources */,
				944AFDF6284D4C040001739C /* BaseSegmentControl.swift in Sources */,
				944AFDED284D49C20001739C /* AboutUsViewController.swift in Sources */,
				944AFDF1284D4AA10001739C /* RootVenueLayout.swift in Sources */,
				944AFDEB284D49230001739C /* VenueViewController.swift in Sources */,
				944AFE16284E37830001739C /* VenueLayout.swift in Sources */,
				944AFDF4284D4BB60001739C /* UIView+Extension.swift in Sources */,
				944AFDEF284D4A330001739C /* VenueRootViewController.swift in Sources */,
			);
			runOnlyForDeploymentPostprocessing = 0;
		};
		94BB80B6284D2BC3000DDFB7 /* Sources */ = {
			isa = PBXSourcesBuildPhase;
			buildActionMask = 2147483647;
			files = (
			);
			runOnlyForDeploymentPostprocessing = 0;
		};
/* End PBXSourcesBuildPhase section */

/* Begin PBXTargetDependency section */
		944AFDFD284D4F040001739C /* PBXTargetDependency */ = {
			isa = PBXTargetDependency;
			platformFilter = ios;
			target = 949F32E22848B2140088BA8E /* VenueFeed */;
			targetProxy = 944AFDFC284D4F040001739C /* PBXContainerItemProxy */;
		};
		949F330A2848B6DF0088BA8E /* PBXTargetDependency */ = {
			isa = PBXTargetDependency;
			target = 949F32E22848B2140088BA8E /* VenueFeed */;
			targetProxy = 949F33092848B6DF0088BA8E /* PBXContainerItemProxy */;
		};
		94BB80BD284D2BC3000DDFB7 /* PBXTargetDependency */ = {
			isa = PBXTargetDependency;
			target = 94BB80B2284D2BC3000DDFB7 /* VenueFeediOS */;
			targetProxy = 94BB80BC284D2BC3000DDFB7 /* PBXContainerItemProxy */;
		};
/* End PBXTargetDependency section */

/* Begin XCBuildConfiguration section */
		949F32F32848B2140088BA8E /* Debug */ = {
			isa = XCBuildConfiguration;
			buildSettings = {
				ALWAYS_SEARCH_USER_PATHS = NO;
				CLANG_ANALYZER_NONNULL = YES;
				CLANG_ANALYZER_NUMBER_OBJECT_CONVERSION = YES_AGGRESSIVE;
				CLANG_CXX_LANGUAGE_STANDARD = "gnu++17";
				CLANG_ENABLE_MODULES = YES;
				CLANG_ENABLE_OBJC_ARC = YES;
				CLANG_ENABLE_OBJC_WEAK = YES;
				CLANG_WARN_BLOCK_CAPTURE_AUTORELEASING = YES;
				CLANG_WARN_BOOL_CONVERSION = YES;
				CLANG_WARN_COMMA = YES;
				CLANG_WARN_CONSTANT_CONVERSION = YES;
				CLANG_WARN_DEPRECATED_OBJC_IMPLEMENTATIONS = YES;
				CLANG_WARN_DIRECT_OBJC_ISA_USAGE = YES_ERROR;
				CLANG_WARN_DOCUMENTATION_COMMENTS = YES;
				CLANG_WARN_EMPTY_BODY = YES;
				CLANG_WARN_ENUM_CONVERSION = YES;
				CLANG_WARN_INFINITE_RECURSION = YES;
				CLANG_WARN_INT_CONVERSION = YES;
				CLANG_WARN_NON_LITERAL_NULL_CONVERSION = YES;
				CLANG_WARN_OBJC_IMPLICIT_RETAIN_SELF = YES;
				CLANG_WARN_OBJC_LITERAL_CONVERSION = YES;
				CLANG_WARN_OBJC_ROOT_CLASS = YES_ERROR;
				CLANG_WARN_QUOTED_INCLUDE_IN_FRAMEWORK_HEADER = YES;
				CLANG_WARN_RANGE_LOOP_ANALYSIS = YES;
				CLANG_WARN_STRICT_PROTOTYPES = YES;
				CLANG_WARN_SUSPICIOUS_MOVE = YES;
				CLANG_WARN_UNGUARDED_AVAILABILITY = YES_AGGRESSIVE;
				CLANG_WARN_UNREACHABLE_CODE = YES;
				CLANG_WARN__DUPLICATE_METHOD_MATCH = YES;
				COPY_PHASE_STRIP = NO;
				CURRENT_PROJECT_VERSION = 1;
				DEBUG_INFORMATION_FORMAT = dwarf;
				ENABLE_STRICT_OBJC_MSGSEND = YES;
				ENABLE_TESTABILITY = YES;
				GCC_C_LANGUAGE_STANDARD = gnu11;
				GCC_DYNAMIC_NO_PIC = NO;
				GCC_NO_COMMON_BLOCKS = YES;
				GCC_OPTIMIZATION_LEVEL = 0;
				GCC_PREPROCESSOR_DEFINITIONS = (
					"DEBUG=1",
					"$(inherited)",
				);
				GCC_WARN_64_TO_32_BIT_CONVERSION = YES;
				GCC_WARN_ABOUT_RETURN_TYPE = YES_ERROR;
				GCC_WARN_UNDECLARED_SELECTOR = YES;
				GCC_WARN_UNINITIALIZED_AUTOS = YES_AGGRESSIVE;
				GCC_WARN_UNUSED_FUNCTION = YES;
				GCC_WARN_UNUSED_VARIABLE = YES;
				MACOSX_DEPLOYMENT_TARGET = 12.3;
				MTL_ENABLE_DEBUG_INFO = INCLUDE_SOURCE;
				MTL_FAST_MATH = YES;
				ONLY_ACTIVE_ARCH = YES;
				SDKROOT = macosx;
				SWIFT_ACTIVE_COMPILATION_CONDITIONS = DEBUG;
				SWIFT_OPTIMIZATION_LEVEL = "-Onone";
				VERSIONING_SYSTEM = "apple-generic";
				VERSION_INFO_PREFIX = "";
			};
			name = Debug;
		};
		949F32F42848B2140088BA8E /* Release */ = {
			isa = XCBuildConfiguration;
			buildSettings = {
				ALWAYS_SEARCH_USER_PATHS = NO;
				CLANG_ANALYZER_NONNULL = YES;
				CLANG_ANALYZER_NUMBER_OBJECT_CONVERSION = YES_AGGRESSIVE;
				CLANG_CXX_LANGUAGE_STANDARD = "gnu++17";
				CLANG_ENABLE_MODULES = YES;
				CLANG_ENABLE_OBJC_ARC = YES;
				CLANG_ENABLE_OBJC_WEAK = YES;
				CLANG_WARN_BLOCK_CAPTURE_AUTORELEASING = YES;
				CLANG_WARN_BOOL_CONVERSION = YES;
				CLANG_WARN_COMMA = YES;
				CLANG_WARN_CONSTANT_CONVERSION = YES;
				CLANG_WARN_DEPRECATED_OBJC_IMPLEMENTATIONS = YES;
				CLANG_WARN_DIRECT_OBJC_ISA_USAGE = YES_ERROR;
				CLANG_WARN_DOCUMENTATION_COMMENTS = YES;
				CLANG_WARN_EMPTY_BODY = YES;
				CLANG_WARN_ENUM_CONVERSION = YES;
				CLANG_WARN_INFINITE_RECURSION = YES;
				CLANG_WARN_INT_CONVERSION = YES;
				CLANG_WARN_NON_LITERAL_NULL_CONVERSION = YES;
				CLANG_WARN_OBJC_IMPLICIT_RETAIN_SELF = YES;
				CLANG_WARN_OBJC_LITERAL_CONVERSION = YES;
				CLANG_WARN_OBJC_ROOT_CLASS = YES_ERROR;
				CLANG_WARN_QUOTED_INCLUDE_IN_FRAMEWORK_HEADER = YES;
				CLANG_WARN_RANGE_LOOP_ANALYSIS = YES;
				CLANG_WARN_STRICT_PROTOTYPES = YES;
				CLANG_WARN_SUSPICIOUS_MOVE = YES;
				CLANG_WARN_UNGUARDED_AVAILABILITY = YES_AGGRESSIVE;
				CLANG_WARN_UNREACHABLE_CODE = YES;
				CLANG_WARN__DUPLICATE_METHOD_MATCH = YES;
				COPY_PHASE_STRIP = NO;
				CURRENT_PROJECT_VERSION = 1;
				DEBUG_INFORMATION_FORMAT = "dwarf-with-dsym";
				ENABLE_NS_ASSERTIONS = NO;
				ENABLE_STRICT_OBJC_MSGSEND = YES;
				GCC_C_LANGUAGE_STANDARD = gnu11;
				GCC_NO_COMMON_BLOCKS = YES;
				GCC_WARN_64_TO_32_BIT_CONVERSION = YES;
				GCC_WARN_ABOUT_RETURN_TYPE = YES_ERROR;
				GCC_WARN_UNDECLARED_SELECTOR = YES;
				GCC_WARN_UNINITIALIZED_AUTOS = YES_AGGRESSIVE;
				GCC_WARN_UNUSED_FUNCTION = YES;
				GCC_WARN_UNUSED_VARIABLE = YES;
				MACOSX_DEPLOYMENT_TARGET = 12.3;
				MTL_ENABLE_DEBUG_INFO = NO;
				MTL_FAST_MATH = YES;
				SDKROOT = macosx;
				SWIFT_COMPILATION_MODE = wholemodule;
				SWIFT_OPTIMIZATION_LEVEL = "-O";
				VERSIONING_SYSTEM = "apple-generic";
				VERSION_INFO_PREFIX = "";
			};
			name = Release;
		};
		949F32F62848B2140088BA8E /* Debug */ = {
			isa = XCBuildConfiguration;
			buildSettings = {
				CLANG_ENABLE_MODULES = YES;
				CODE_SIGN_STYLE = Automatic;
				COMBINE_HIDPI_IMAGES = YES;
				CURRENT_PROJECT_VERSION = 1;
				DEFINES_MODULE = YES;
				DYLIB_COMPATIBILITY_VERSION = 1;
				DYLIB_CURRENT_VERSION = 1;
				DYLIB_INSTALL_NAME_BASE = "@rpath";
				GENERATE_INFOPLIST_FILE = YES;
				INFOPLIST_KEY_NSHumanReadableCopyright = "";
				INSTALL_PATH = "$(LOCAL_LIBRARY_DIR)/Frameworks";
				LD_RUNPATH_SEARCH_PATHS = (
					"$(inherited)",
					"@executable_path/../Frameworks",
					"@loader_path/Frameworks",
				);
				MARKETING_VERSION = 1.0;
				PRODUCT_BUNDLE_IDENTIFIER = com.tomisin.VenueFeed;
				PRODUCT_NAME = "$(TARGET_NAME:c99extidentifier)";
				SKIP_INSTALL = YES;
				SUPPORTED_PLATFORMS = "iphonesimulator iphoneos macosx";
				SWIFT_EMIT_LOC_STRINGS = YES;
				SWIFT_OPTIMIZATION_LEVEL = "-Onone";
				SWIFT_VERSION = 5.0;
			};
			name = Debug;
		};
		949F32F72848B2140088BA8E /* Release */ = {
			isa = XCBuildConfiguration;
			buildSettings = {
				CLANG_ENABLE_MODULES = YES;
				CODE_SIGN_STYLE = Automatic;
				COMBINE_HIDPI_IMAGES = YES;
				CURRENT_PROJECT_VERSION = 1;
				DEFINES_MODULE = YES;
				DYLIB_COMPATIBILITY_VERSION = 1;
				DYLIB_CURRENT_VERSION = 1;
				DYLIB_INSTALL_NAME_BASE = "@rpath";
				GENERATE_INFOPLIST_FILE = YES;
				INFOPLIST_KEY_NSHumanReadableCopyright = "";
				INSTALL_PATH = "$(LOCAL_LIBRARY_DIR)/Frameworks";
				LD_RUNPATH_SEARCH_PATHS = (
					"$(inherited)",
					"@executable_path/../Frameworks",
					"@loader_path/Frameworks",
				);
				MARKETING_VERSION = 1.0;
				PRODUCT_BUNDLE_IDENTIFIER = com.tomisin.VenueFeed;
				PRODUCT_NAME = "$(TARGET_NAME:c99extidentifier)";
				SKIP_INSTALL = YES;
				SUPPORTED_PLATFORMS = "iphonesimulator iphoneos macosx";
				SWIFT_EMIT_LOC_STRINGS = YES;
				SWIFT_VERSION = 5.0;
			};
			name = Release;
		};
		949F330C2848B6DF0088BA8E /* Debug */ = {
			isa = XCBuildConfiguration;
			buildSettings = {
				CLANG_ENABLE_MODULES = YES;
				CODE_SIGN_STYLE = Automatic;
				CURRENT_PROJECT_VERSION = 1;
				GENERATE_INFOPLIST_FILE = YES;
				LD_RUNPATH_SEARCH_PATHS = (
					"$(inherited)",
					"@executable_path/../Frameworks",
					"@loader_path/../Frameworks",
				);
				MARKETING_VERSION = 1.0;
				PRODUCT_BUNDLE_IDENTIFIER = com.tomisin.VenueFeedTests;
				PRODUCT_NAME = "$(TARGET_NAME)";
				SUPPORTED_PLATFORMS = "macosx iphoneos iphonesimulator";
				SWIFT_EMIT_LOC_STRINGS = NO;
				SWIFT_OPTIMIZATION_LEVEL = "-Onone";
				SWIFT_VERSION = 5.0;
			};
			name = Debug;
		};
		949F330D2848B6DF0088BA8E /* Release */ = {
			isa = XCBuildConfiguration;
			buildSettings = {
				CLANG_ENABLE_MODULES = YES;
				CODE_SIGN_STYLE = Automatic;
				CURRENT_PROJECT_VERSION = 1;
				GENERATE_INFOPLIST_FILE = YES;
				LD_RUNPATH_SEARCH_PATHS = (
					"$(inherited)",
					"@executable_path/../Frameworks",
					"@loader_path/../Frameworks",
				);
				MARKETING_VERSION = 1.0;
				PRODUCT_BUNDLE_IDENTIFIER = com.tomisin.VenueFeedTests;
				PRODUCT_NAME = "$(TARGET_NAME)";
				SUPPORTED_PLATFORMS = "macosx iphoneos iphonesimulator";
				SWIFT_EMIT_LOC_STRINGS = NO;
				SWIFT_VERSION = 5.0;
			};
			name = Release;
		};
		94BB80C3284D2BC3000DDFB7 /* Debug */ = {
			isa = XCBuildConfiguration;
			buildSettings = {
				CLANG_ENABLE_MODULES = YES;
				CODE_SIGN_STYLE = Automatic;
				CURRENT_PROJECT_VERSION = 1;
				DEFINES_MODULE = YES;
				DEVELOPMENT_TEAM = "";
				DYLIB_COMPATIBILITY_VERSION = 1;
				DYLIB_CURRENT_VERSION = 1;
				DYLIB_INSTALL_NAME_BASE = "@rpath";
				GENERATE_INFOPLIST_FILE = YES;
				INFOPLIST_KEY_NSHumanReadableCopyright = "";
				INSTALL_PATH = "$(LOCAL_LIBRARY_DIR)/Frameworks";
				IPHONEOS_DEPLOYMENT_TARGET = 15.4;
				LD_RUNPATH_SEARCH_PATHS = (
					"$(inherited)",
					"@executable_path/Frameworks",
					"@loader_path/Frameworks",
				);
				MARKETING_VERSION = 1.0;
				PRODUCT_BUNDLE_IDENTIFIER = com.tomisin.VenueFeediOS;
				PRODUCT_NAME = "$(TARGET_NAME:c99extidentifier)";
				SDKROOT = iphoneos;
				SKIP_INSTALL = YES;
				SUPPORTS_MACCATALYST = NO;
				SWIFT_EMIT_LOC_STRINGS = YES;
				SWIFT_OPTIMIZATION_LEVEL = "-Onone";
				SWIFT_VERSION = 5.0;
				TARGETED_DEVICE_FAMILY = 1;
			};
			name = Debug;
		};
		94BB80C4284D2BC3000DDFB7 /* Release */ = {
			isa = XCBuildConfiguration;
			buildSettings = {
				CLANG_ENABLE_MODULES = YES;
				CODE_SIGN_STYLE = Automatic;
				CURRENT_PROJECT_VERSION = 1;
				DEFINES_MODULE = YES;
				DEVELOPMENT_TEAM = "";
				DYLIB_COMPATIBILITY_VERSION = 1;
				DYLIB_CURRENT_VERSION = 1;
				DYLIB_INSTALL_NAME_BASE = "@rpath";
				GENERATE_INFOPLIST_FILE = YES;
				INFOPLIST_KEY_NSHumanReadableCopyright = "";
				INSTALL_PATH = "$(LOCAL_LIBRARY_DIR)/Frameworks";
				IPHONEOS_DEPLOYMENT_TARGET = 15.4;
				LD_RUNPATH_SEARCH_PATHS = (
					"$(inherited)",
					"@executable_path/Frameworks",
					"@loader_path/Frameworks",
				);
				MARKETING_VERSION = 1.0;
				PRODUCT_BUNDLE_IDENTIFIER = com.tomisin.VenueFeediOS;
				PRODUCT_NAME = "$(TARGET_NAME:c99extidentifier)";
				SDKROOT = iphoneos;
				SKIP_INSTALL = YES;
				SUPPORTS_MACCATALYST = NO;
				SWIFT_EMIT_LOC_STRINGS = YES;
				SWIFT_VERSION = 5.0;
				TARGETED_DEVICE_FAMILY = 1;
				VALIDATE_PRODUCT = YES;
			};
			name = Release;
		};
		94BB80C6284D2BC3000DDFB7 /* Debug */ = {
			isa = XCBuildConfiguration;
			buildSettings = {
				ALWAYS_EMBED_SWIFT_STANDARD_LIBRARIES = YES;
				CODE_SIGN_STYLE = Automatic;
				CURRENT_PROJECT_VERSION = 1;
				GENERATE_INFOPLIST_FILE = YES;
				IPHONEOS_DEPLOYMENT_TARGET = 15.4;
				MARKETING_VERSION = 1.0;
				PRODUCT_BUNDLE_IDENTIFIER = com.tomisin.VenueFeediOSTests;
				PRODUCT_NAME = "$(TARGET_NAME)";
				SDKROOT = iphoneos;
				SWIFT_EMIT_LOC_STRINGS = NO;
				SWIFT_VERSION = 5.0;
				TARGETED_DEVICE_FAMILY = "1,2";
			};
			name = Debug;
		};
		94BB80C7284D2BC3000DDFB7 /* Release */ = {
			isa = XCBuildConfiguration;
			buildSettings = {
				ALWAYS_EMBED_SWIFT_STANDARD_LIBRARIES = YES;
				CODE_SIGN_STYLE = Automatic;
				CURRENT_PROJECT_VERSION = 1;
				GENERATE_INFOPLIST_FILE = YES;
				IPHONEOS_DEPLOYMENT_TARGET = 15.4;
				MARKETING_VERSION = 1.0;
				PRODUCT_BUNDLE_IDENTIFIER = com.tomisin.VenueFeediOSTests;
				PRODUCT_NAME = "$(TARGET_NAME)";
				SDKROOT = iphoneos;
				SWIFT_EMIT_LOC_STRINGS = NO;
				SWIFT_VERSION = 5.0;
				TARGETED_DEVICE_FAMILY = "1,2";
				VALIDATE_PRODUCT = YES;
			};
			name = Release;
		};
/* End XCBuildConfiguration section */

/* Begin XCConfigurationList section */
		949F32DD2848B2140088BA8E /* Build configuration list for PBXProject "VenueFeed" */ = {
			isa = XCConfigurationList;
			buildConfigurations = (
				949F32F32848B2140088BA8E /* Debug */,
				949F32F42848B2140088BA8E /* Release */,
			);
			defaultConfigurationIsVisible = 0;
			defaultConfigurationName = Release;
		};
		949F32F52848B2140088BA8E /* Build configuration list for PBXNativeTarget "VenueFeed" */ = {
			isa = XCConfigurationList;
			buildConfigurations = (
				949F32F62848B2140088BA8E /* Debug */,
				949F32F72848B2140088BA8E /* Release */,
			);
			defaultConfigurationIsVisible = 0;
			defaultConfigurationName = Release;
		};
		949F330B2848B6DF0088BA8E /* Build configuration list for PBXNativeTarget "VenueFeedTests" */ = {
			isa = XCConfigurationList;
			buildConfigurations = (
				949F330C2848B6DF0088BA8E /* Debug */,
				949F330D2848B6DF0088BA8E /* Release */,
			);
			defaultConfigurationIsVisible = 0;
			defaultConfigurationName = Release;
		};
		94BB80C2284D2BC3000DDFB7 /* Build configuration list for PBXNativeTarget "VenueFeediOS" */ = {
			isa = XCConfigurationList;
			buildConfigurations = (
				94BB80C3284D2BC3000DDFB7 /* Debug */,
				94BB80C4284D2BC3000DDFB7 /* Release */,
			);
			defaultConfigurationIsVisible = 0;
			defaultConfigurationName = Release;
		};
		94BB80C5284D2BC3000DDFB7 /* Build configuration list for PBXNativeTarget "VenueFeediOSTests" */ = {
			isa = XCConfigurationList;
			buildConfigurations = (
				94BB80C6284D2BC3000DDFB7 /* Debug */,
				94BB80C7284D2BC3000DDFB7 /* Release */,
			);
			defaultConfigurationIsVisible = 0;
			defaultConfigurationName = Release;
		};
/* End XCConfigurationList section */
	};
	rootObject = 949F32DA2848B2140088BA8E /* Project object */;
}
